
Microsoft Visual Studio Solution File, Format Version 12.00
# Visual Studio Version 17
VisualStudioVersion = 17.14.36414.22
MinimumVisualStudioVersion = 10.0.40219.1
Project("{2150E333-8FDC-42A3-9474-1A3956D46DE8}") = "Task0", "Task0", "{02EA681E-C7D8-13C7-8484-4AC65E1B71E8}"
EndProject
Project("{FAE04EC0-301F-11D3-BF4B-00C04F79EFBC}") = "Tyuiu.AlbornozJ.Sprint5.Task0.V9", "Tyuiu.AlbornozJ.Sprint5.Task0.V9\Tyuiu.AlbornozJ.Sprint5.Task0.V9.csproj", "{CFAB91F1-4C9D-49A1-AA23-7DC1D8B8830B}"
EndProject
Project("{FAE04EC0-301F-11D3-BF4B-00C04F79EFBC}") = "Tyuiu.AlbornozJ.Sprint5.Task0.V9.Lib", "Tyuiu.AlbornozJ.Sprint5.Task0.V9.Lib\Tyuiu.AlbornozJ.Sprint5.Task0.V9.Lib.csproj", "{50445750-5917-4F41-A1FC-7121C8575C85}"
EndProject
Project("{FAE04EC0-301F-11D3-BF4B-00C04F79EFBC}") = "Tyuiu.AlbornozJ.Sprint5.Task0.V9.Test", "Tyuiu.AlbornozJ.Sprint5.Task0.V9.Test\Tyuiu.AlbornozJ.Sprint5.Task0.V9.Test.csproj", "{B80FC79A-EFA8-4773-A33E-9F96BFDDFA94}"
EndProject
Project("{2150E333-8FDC-42A3-9474-1A3956D46DE8}") = "Task1", "Task1", "{C789874E-8FCA-43F6-8559-A2638DB971F3}"
EndProject
Project("{FAE04EC0-301F-11D3-BF4B-00C04F79EFBC}") = "Tyuiu.AlbornozJ.Sprint5.Task1.V28", "Tyuiu.AlbornozJ.Sprint5.Task1.V28\Tyuiu.AlbornozJ.Sprint5.Task1.V28.csproj", "{72FE0F26-7556-462C-9C1C-C26BCF9D2448}"
EndProject
Project("{FAE04EC0-301F-11D3-BF4B-00C04F79EFBC}") = "Tyuiu.AlbornozJ.Sprint5.Task1.V28.Lib", "Tyuiu.AlbornozJ.Sprint5.Task1.V28.Lib\Tyuiu.AlbornozJ.Sprint5.Task1.V28.Lib.csproj", "{4D70C490-2B98-4B4A-A642-3C47E0A088C4}"
EndProject
Project("{FAE04EC0-301F-11D3-BF4B-00C04F79EFBC}") = "Tyuiu.AlbornozJ.Sprint5.Task1.V28.Test", "Tyuiu.AlbornozJ.Sprint5.Task1.V28.Test\Tyuiu.AlbornozJ.Sprint5.Task1.V28.Test.csproj", "{D37346B6-B9F2-41E6-B373-EE10CA8C594A}"
EndProject
Project("{2150E333-8FDC-42A3-9474-1A3956D46DE8}") = "Task2", "Task2", "{BA128A89-EB48-49D4-A753-CE99AF6C5BC6}"
EndProject
Project("{FAE04EC0-301F-11D3-BF4B-00C04F79EFBC}") = "Tyuiu.AlbornozJ.Sprint5.Task2.V26", "Tyuiu.AlbornozJ.Sprint5.Task2.V26\Tyuiu.AlbornozJ.Sprint5.Task2.V26.csproj", "{26505D16-5E52-4041-8AE4-C50A9FEF6AE1}"
EndProject
Project("{FAE04EC0-301F-11D3-BF4B-00C04F79EFBC}") = "Tyuiu.AlbornozJ.Sprint5.Task2.V26.Lib", "Tyuiu.AlbornozJ.Sprint5.Task2.V26.Lib\Tyuiu.AlbornozJ.Sprint5.Task2.V26.Lib.csproj", "{02C94832-959D-46C8-85CF-70B805F671A5}"
EndProject
Project("{FAE04EC0-301F-11D3-BF4B-00C04F79EFBC}") = "Tyuiu.AlbornozJ.Sprint5.Task2.V26.Test", "Tyuiu.AlbornozJ.Sprint5.Task2.V26.Test\Tyuiu.AlbornozJ.Sprint5.Task2.V26.Test.csproj", "{BD4ACC91-881C-4294-9AA2-4EDC9A971B0F}"
EndProject
Global
	GlobalSection(SolutionConfigurationPlatforms) = preSolution
		Debug|Any CPU = Debug|Any CPU
		Release|Any CPU = Release|Any CPU
	EndGlobalSection
	GlobalSection(ProjectConfigurationPlatforms) = postSolution
		{CFAB91F1-4C9D-49A1-AA23-7DC1D8B8830B}.Debug|Any CPU.ActiveCfg = Debug|Any CPU
		{CFAB91F1-4C9D-49A1-AA23-7DC1D8B8830B}.Debug|Any CPU.Build.0 = Debug|Any CPU
		{CFAB91F1-4C9D-49A1-AA23-7DC1D8B8830B}.Release|Any CPU.ActiveCfg = Release|Any CPU
		{CFAB91F1-4C9D-49A1-AA23-7DC1D8B8830B}.Release|Any CPU.Build.0 = Release|Any CPU
		{50445750-5917-4F41-A1FC-7121C8575C85}.Debug|Any CPU.ActiveCfg = Debug|Any CPU
		{50445750-5917-4F41-A1FC-7121C8575C85}.Debug|Any CPU.Build.0 = Debug|Any CPU
		{50445750-5917-4F41-A1FC-7121C8575C85}.Release|Any CPU.ActiveCfg = Release|Any CPU
		{50445750-5917-4F41-A1FC-7121C8575C85}.Release|Any CPU.Build.0 = Release|Any CPU
		{B80FC79A-EFA8-4773-A33E-9F96BFDDFA94}.Debug|Any CPU.ActiveCfg = Debug|Any CPU
		{B80FC79A-EFA8-4773-A33E-9F96BFDDFA94}.Debug|Any CPU.Build.0 = Debug|Any CPU
		{B80FC79A-EFA8-4773-A33E-9F96BFDDFA94}.Release|Any CPU.ActiveCfg = Release|Any CPU
		{B80FC79A-EFA8-4773-A33E-9F96BFDDFA94}.Release|Any CPU.Build.0 = Release|Any CPU
		{72FE0F26-7556-462C-9C1C-C26BCF9D2448}.Debug|Any CPU.ActiveCfg = Debug|Any CPU
		{72FE0F26-7556-462C-9C1C-C26BCF9D2448}.Debug|Any CPU.Build.0 = Debug|Any CPU
		{72FE0F26-7556-462C-9C1C-C26BCF9D2448}.Release|Any CPU.ActiveCfg = Release|Any CPU
		{72FE0F26-7556-462C-9C1C-C26BCF9D2448}.Release|Any CPU.Build.0 = Release|Any CPU
		{4D70C490-2B98-4B4A-A642-3C47E0A088C4}.Debug|Any CPU.ActiveCfg = Debug|Any CPU
		{4D70C490-2B98-4B4A-A642-3C47E0A088C4}.Debug|Any CPU.Build.0 = Debug|Any CPU
		{4D70C490-2B98-4B4A-A642-3C47E0A088C4}.Release|Any CPU.ActiveCfg = Release|Any CPU
		{4D70C490-2B98-4B4A-A642-3C47E0A088C4}.Release|Any CPU.Build.0 = Release|Any CPU
		{D37346B6-B9F2-41E6-B373-EE10CA8C594A}.Debug|Any CPU.ActiveCfg = Debug|Any CPU
		{D37346B6-B9F2-41E6-B373-EE10CA8C594A}.Debug|Any CPU.Build.0 = Debug|Any CPU
		{D37346B6-B9F2-41E6-B373-EE10CA8C594A}.Release|Any CPU.ActiveCfg = Release|Any CPU
		{D37346B6-B9F2-41E6-B373-EE10CA8C594A}.Release|Any CPU.Build.0 = Release|Any CPU
		{26505D16-5E52-4041-8AE4-C50A9FEF6AE1}.Debug|Any CPU.ActiveCfg = Debug|Any CPU
		{26505D16-5E52-4041-8AE4-C50A9FEF6AE1}.Debug|Any CPU.Build.0 = Debug|Any CPU
		{26505D16-5E52-4041-8AE4-C50A9FEF6AE1}.Release|Any CPU.ActiveCfg = Release|Any CPU
		{26505D16-5E52-4041-8AE4-C50A9FEF6AE1}.Release|Any CPU.Build.0 = Release|Any CPU
		{02C94832-959D-46C8-85CF-70B805F671A5}.Debug|Any CPU.ActiveCfg = Debug|Any CPU
		{02C94832-959D-46C8-85CF-70B805F671A5}.Debug|Any CPU.Build.0 = Debug|Any CPU
		{02C94832-959D-46C8-85CF-70B805F671A5}.Release|Any CPU.ActiveCfg = Release|Any CPU
		{02C94832-959D-46C8-85CF-70B805F671A5}.Release|Any CPU.Build.0 = Release|Any CPU
		{BD4ACC91-881C-4294-9AA2-4EDC9A971B0F}.Debug|Any CPU.ActiveCfg = Debug|Any CPU
		{BD4ACC91-881C-4294-9AA2-4EDC9A971B0F}.Debug|Any CPU.Build.0 = Debug|Any CPU
		{BD4ACC91-881C-4294-9AA2-4EDC9A971B0F}.Release|Any CPU.ActiveCfg = Release|Any CPU
		{BD4ACC91-881C-4294-9AA2-4EDC9A971B0F}.Release|Any CPU.Build.0 = Release|Any CPU
	EndGlobalSection
	GlobalSection(SolutionProperties) = preSolution
		HideSolutionNode = FALSE
	EndGlobalSection
	GlobalSection(NestedProjects) = preSolution
		{CFAB91F1-4C9D-49A1-AA23-7DC1D8B8830B} = {02EA681E-C7D8-13C7-8484-4AC65E1B71E8}
		{50445750-5917-4F41-A1FC-7121C8575C85} = {02EA681E-C7D8-13C7-8484-4AC65E1B71E8}
		{B80FC79A-EFA8-4773-A33E-9F96BFDDFA94} = {02EA681E-C7D8-13C7-8484-4AC65E1B71E8}
		{72FE0F26-7556-462C-9C1C-C26BCF9D2448} = {C789874E-8FCA-43F6-8559-A2638DB971F3}
		{4D70C490-2B98-4B4A-A642-3C47E0A088C4} = {C789874E-8FCA-43F6-8559-A2638DB971F3}
		{D37346B6-B9F2-41E6-B373-EE10CA8C594A} = {C789874E-8FCA-43F6-8559-A2638DB971F3}
		{26505D16-5E52-4041-8AE4-C50A9FEF6AE1} = {BA128A89-EB48-49D4-A753-CE99AF6C5BC6}
		{02C94832-959D-46C8-85CF-70B805F671A5} = {BA128A89-EB48-49D4-A753-CE99AF6C5BC6}
		{BD4ACC91-881C-4294-9AA2-4EDC9A971B0F} = {BA128A89-EB48-49D4-A753-CE99AF6C5BC6}
	EndGlobalSection
	GlobalSection(ExtensibilityGlobals) = postSolution
		SolutionGuid = {C168BC80-FFD1-47B7-9721-D4C696636286}
	EndGlobalSection
EndGlobal
